
Microsoft Visual Studio Solution File, Format Version 12.00
Project("{FAE04EC0-301F-11D3-BF4B-00C04F79EFBC}") = "UOW-Repo-Dapper", "UOW-Repo-Dapper\UOW-Repo-Dapper.csproj", "{B94B256D-B253-4D57-8A1C-B49D6325913E}"
EndProject
Global
	GlobalSection(SolutionConfigurationPlatforms) = preSolution
		Debug|Any CPU = Debug|Any CPU
		Release|Any CPU = Release|Any CPU
	EndGlobalSection
	GlobalSection(ProjectConfigurationPlatforms) = postSolution
		{B94B256D-B253-4D57-8A1C-B49D6325913E}.Debug|Any CPU.ActiveCfg = Debug|Any CPU
		{B94B256D-B253-4D57-8A1C-B49D6325913E}.Debug|Any CPU.Build.0 = Debug|Any CPU
		{B94B256D-B253-4D57-8A1C-B49D6325913E}.Release|Any CPU.ActiveCfg = Release|Any CPU
		{B94B256D-B253-4D57-8A1C-B49D6325913E}.Release|Any CPU.Build.0 = Release|Any CPU
	EndGlobalSection
EndGlobal
